
Microsoft Visual Studio Solution File, Format Version 12.00
# Visual Studio Version 17
VisualStudioVersion = 17.10.34928.147
MinimumVisualStudioVersion = 10.0.40219.1
Project("{9A19103F-16F7-4668-BE54-9A1E7A4F7556}") = "testconnection", "testconnection.csproj", "{33137C8F-12ED-4A16-8878-26A9E79F289C}"
EndProject
Project("{FAE04EC0-301F-11D3-BF4B-00C04F79EFBC}") = "testconnection.Tests", "..\testconnection.Tests\testconnection.Tests.csproj", "{393A575E-A384-4A85-9EED-29C51574B70F}"
EndProject
Global
	GlobalSection(SolutionConfigurationPlatforms) = preSolution
		Debug|Any CPU = Debug|Any CPU
		Release|Any CPU = Release|Any CPU
	EndGlobalSection
	GlobalSection(ProjectConfigurationPlatforms) = postSolution
		{33137C8F-12ED-4A16-8878-26A9E79F289C}.Debug|Any CPU.ActiveCfg = Debug|Any CPU
		{33137C8F-12ED-4A16-8878-26A9E79F289C}.Debug|Any CPU.Build.0 = Debug|Any CPU
		{33137C8F-12ED-4A16-8878-26A9E79F289C}.Release|Any CPU.ActiveCfg = Release|Any CPU
		{33137C8F-12ED-4A16-8878-26A9E79F289C}.Release|Any CPU.Build.0 = Release|Any CPU
		{393A575E-A384-4A85-9EED-29C51574B70F}.Debug|Any CPU.ActiveCfg = Debug|Any CPU
		{393A575E-A384-4A85-9EED-29C51574B70F}.Debug|Any CPU.Build.0 = Debug|Any CPU
		{393A575E-A384-4A85-9EED-29C51574B70F}.Release|Any CPU.ActiveCfg = Release|Any CPU
		{393A575E-A384-4A85-9EED-29C51574B70F}.Release|Any CPU.Build.0 = Release|Any CPU
	EndGlobalSection
	GlobalSection(SolutionProperties) = preSolution
		HideSolutionNode = FALSE
	EndGlobalSection
	GlobalSection(ExtensibilityGlobals) = postSolution
		SolutionGuid = {3FE2D7B8-BD9B-4332-B40D-EC6536BA4731}
	EndGlobalSection
EndGlobal
